# @generated - this file is auto-generated by `mise lock` https://mise.jdx.dev/dev-tools/mise-lock.html

lockfile_version = 1

[[tools.python]]
version = "3.14.7"
backend = "core:python"
specifiers = ["3.14.7"]

[tools.python."platforms.linux-arm64"]
checksum = "sha256:8a0798baa8a2c27b5751d590aced543eaa85e20b3f73d93c1af049688acdc9c5"
url = "https://github.com/astral-sh/python-build-standalone/releases/download/20260901/cpython-3.14.7+20260901-aarch64-unknown-linux-gnu-install_only_stripped.tar.gz"
provenance = "github-attestations"

[tools.python."platforms.linux-x64"]
checksum = "sha256:3959f92825141e04adf44982d3a83ee57af0877e893b0796e04c1468749d9b04"
url = "https://github.com/astral-sh/python-build-standalone/releases/download/20260901/cpython-3.14.7+20260901-x86_64-unknown-linux-gnu-install_only_stripped.tar.gz"
provenance = "github-attestations"

[tools.python."platforms.macos-arm64"]
checksum = "sha256:4632cb1a6edad9e73d3c81b6d2e69131637d995173e3e85005df14102b0592ba"
url = "https://github.com/astral-sh/python-build-standalone/releases/download/20260901/cpython-3.14.7+20260901-aarch64-apple-darwin-install_only_stripped.tar.gz"
provenance = "github-attestations"

[[tools.uv]]
version = "0.12.11"
backend = "aqua:astral-sh/uv"
specifiers = ["0.12.11"]

[tools.uv."platforms.linux-arm64"]
checksum = "sha256:e9933d907fb9cd27d606d819bbded419f2844c0e2efc98225ecfa409288eb28d"
url = "https://github.com/astral-sh/uv/releases/download/0.12.11/uv-aarch64-unknown-linux-gnu.tar.gz"
url_api = "https://api.github.com/repos/astral-sh/uv/releases/assets/551278504"
provenance = "github-attestations"

[tools.uv."platforms.linux-x64"]
checksum = "sha256:4ae93e0f148a18434cc094072547cec88912fc4a72b984183c7d0d0e9586cb5e"
url = "https://github.com/astral-sh/uv/releases/download/0.12.11/uv-x86_64-unknown-linux-gnu.tar.gz"
url_api = "https://api.github.com/repos/astral-sh/uv/releases/assets/551278642"
provenance = "github-attestations"

[tools.uv."platforms.macos-arm64"]
checksum = "sha256:e01b69ee15e81918d5e8fc9cf39b3db7f59c5576e5e306cd9b7aeb2c7b7321c3"
url = "https://github.com/astral-sh/uv/releases/download/0.12.11/uv-aarch64-apple-darwin.tar.gz"
url_api = "https://api.github.com/repos/astral-sh/uv/releases/assets/551278468"
provenance = "github-attestations"
