# @generated - this file is auto-generated by `mise lock` https://mise.jdx.dev/dev-tools/mise-lock.html

[[tools.python]]
version = "3.14.7"
backend = "core:python"

[tools.python."platforms.linux-arm64"]
checksum = "sha256:86dfb106b303fa6a1991f7da42ced3e11576f777be299b3162e06617b6d22542"
url = "https://github.com/astral-sh/python-build-standalone/releases/download/20260814/cpython-3.14.7+20260814-aarch64-unknown-linux-gnu-install_only_stripped.tar.gz"
provenance = "github-attestations"

[tools.python."platforms.linux-x64"]
checksum = "sha256:cefba034445d2875408d1fd4d5700ae6731563aeb54dcb39fd8164ab5c457533"
url = "https://github.com/astral-sh/python-build-standalone/releases/download/20260814/cpython-3.14.7+20260814-x86_64-unknown-linux-gnu-install_only_stripped.tar.gz"
provenance = "github-attestations"

[tools.python."platforms.macos-arm64"]
checksum = "sha256:423717c485b9ee7822590b9d973c1b5fb2cda0fe43448ab82a3d44f823bd329c"
url = "https://github.com/astral-sh/python-build-standalone/releases/download/20260814/cpython-3.14.7+20260814-aarch64-apple-darwin-install_only_stripped.tar.gz"
provenance = "github-attestations"

[[tools.uv]]
version = "0.12.5"
backend = "aqua:astral-sh/uv"

[tools.uv."platforms.linux-arm64"]
checksum = "sha256:9bf43b4d1a07665bf64d4c4e710930b382321a785e0eb10aac07f46471f86a31"
url = "https://github.com/astral-sh/uv/releases/download/0.12.5/uv-aarch64-unknown-linux-gnu.tar.gz"
url_api = "https://api.github.com/repos/astral-sh/uv/releases/assets/514850990"
provenance = "github-attestations"

[tools.uv."platforms.linux-x64"]
checksum = "sha256:68a509da24b06b4223a1c0175fb5eb5bc79342b76cbeff0cfe51ac3f5b17b6b2"
url = "https://github.com/astral-sh/uv/releases/download/0.12.5/uv-x86_64-unknown-linux-gnu.tar.gz"
url_api = "https://api.github.com/repos/astral-sh/uv/releases/assets/514851093"
provenance = "github-attestations"

[tools.uv."platforms.macos-arm64"]
checksum = "sha256:5bb0e5fe008a773c3dbcb97ff79cd89e1241464fe9d2f986d52ad8f1b037bd62"
url = "https://github.com/astral-sh/uv/releases/download/0.12.5/uv-aarch64-apple-darwin.tar.gz"
url_api = "https://api.github.com/repos/astral-sh/uv/releases/assets/514850968"
provenance = "github-attestations"
